
Microsoft Visual Studio Solution File, Format Version 12.00
# Visual Studio Version 17
VisualStudioVersion = 17.10.34928.147
MinimumVisualStudioVersion = 10.0.40219.1
Project("{9A19103F-16F7-4668-BE54-9A1E7A4F7556}") = "JackOfAllCodes.Web", "JackOfAllCodes.Web\JackOfAllCodes.Web.csproj", "{90F6DC3C-6C49-4CD7-BDA3-CA2DD54726A0}"
EndProject
Project("{FAE04EC0-301F-11D3-BF4B-00C04F79EFBC}") = "JackOfAllCodes.UnitTests", "JackOfAllCodes.UnitTests\JackOfAllCodes.UnitTests.csproj", "{05416462-2355-46AC-B729-F3B405665F63}"
EndProject
Global
	GlobalSection(SolutionConfigurationPlatforms) = preSolution
		Debug|Any CPU = Debug|Any CPU
		Release|Any CPU = Release|Any CPU
	EndGlobalSection
	GlobalSection(ProjectConfigurationPlatforms) = postSolution
		{90F6DC3C-6C49-4CD7-BDA3-CA2DD54726A0}.Debug|Any CPU.ActiveCfg = Debug|Any CPU
		{90F6DC3C-6C49-4CD7-BDA3-CA2DD54726A0}.Debug|Any CPU.Build.0 = Debug|Any CPU
		{90F6DC3C-6C49-4CD7-BDA3-CA2DD54726A0}.Release|Any CPU.ActiveCfg = Release|Any CPU
		{90F6DC3C-6C49-4CD7-BDA3-CA2DD54726A0}.Release|Any CPU.Build.0 = Release|Any CPU
		{05416462-2355-46AC-B729-F3B405665F63}.Debug|Any CPU.ActiveCfg = Debug|Any CPU
		{05416462-2355-46AC-B729-F3B405665F63}.Debug|Any CPU.Build.0 = Debug|Any CPU
		{05416462-2355-46AC-B729-F3B405665F63}.Release|Any CPU.ActiveCfg = Release|Any CPU
		{05416462-2355-46AC-B729-F3B405665F63}.Release|Any CPU.Build.0 = Release|Any CPU
	EndGlobalSection
	GlobalSection(SolutionProperties) = preSolution
		HideSolutionNode = FALSE
	EndGlobalSection
	GlobalSection(ExtensibilityGlobals) = postSolution
		SolutionGuid = {67338D15-A019-4F7A-B52D-E0A544670A24}
	EndGlobalSection
EndGlobal
